// !$*UTF8*$!
{
	archiveVersion = 1;
	classes = {
	};
	objectVersion = 51;
	objects = {

/* Begin PBXBuildFile section */
		12D9B3BA95F4FE715C99398E /* Pods_Skyeng_TestTests.framework in Frameworks */ = {isa = PBXBuildFile; fileRef = D42203108588D54E64DC72D0 /* Pods_Skyeng_TestTests.framework */; };
		D7F0C6F8B1FEC16E2D21EB2C /* Pods_Skyeng_Test.framework in Frameworks */ = {isa = PBXBuildFile; fileRef = D119AF010074F5CF791DE964 /* Pods_Skyeng_Test.framework */; };
		F5C3AE9024B9E29000F425D4 /* AppDelegate.swift in Sources */ = {isa = PBXBuildFile; fileRef = F5C3AE8F24B9E29000F425D4 /* AppDelegate.swift */; };
		F5C3AE9224B9E29000F425D4 /* SceneDelegate.swift in Sources */ = {isa = PBXBuildFile; fileRef = F5C3AE9124B9E29000F425D4 /* SceneDelegate.swift */; };
		F5C3AE9424B9E29000F425D4 /* ViewController.swift in Sources */ = {isa = PBXBuildFile; fileRef = F5C3AE9324B9E29000F425D4 /* ViewController.swift */; };
		F5C3AE9924B9E29200F425D4 /* Assets.xcassets in Resources */ = {isa = PBXBuildFile; fileRef = F5C3AE9824B9E29200F425D4 /* Assets.xcassets */; };
		F5C3AE9C24B9E29200F425D4 /* LaunchScreen.storyboard in Resources */ = {isa = PBXBuildFile; fileRef = F5C3AE9A24B9E29200F425D4 /* LaunchScreen.storyboard */; };
		F5C3AEA724B9E29300F425D4 /* Skyeng_TestTests.swift in Sources */ = {isa = PBXBuildFile; fileRef = F5C3AEA624B9E29300F425D4 /* Skyeng_TestTests.swift */; };
		F5F40A5724B9E79600AB5780 /* Router.swift in Sources */ = {isa = PBXBuildFile; fileRef = F5F40A5624B9E79600AB5780 /* Router.swift */; };
		F5F40A5924B9E92500AB5780 /* ViewModel.swift in Sources */ = {isa = PBXBuildFile; fileRef = F5F40A5824B9E92500AB5780 /* ViewModel.swift */; };
		F5F40A5D24B9EADA00AB5780 /* SearchViewController.swift in Sources */ = {isa = PBXBuildFile; fileRef = F5F40A5B24B9EADA00AB5780 /* SearchViewController.swift */; };
		F5F40A6324B9ED4900AB5780 /* TableViewCell.swift in Sources */ = {isa = PBXBuildFile; fileRef = F5F40A6224B9ED4900AB5780 /* TableViewCell.swift */; };
		F5F40A6524B9ED6400AB5780 /* SearchResultTableViewCell.swift in Sources */ = {isa = PBXBuildFile; fileRef = F5F40A6424B9ED6400AB5780 /* SearchResultTableViewCell.swift */; };
		F5F40A6824B9F42A00AB5780 /* SearchViewModel.swift in Sources */ = {isa = PBXBuildFile; fileRef = F5F40A6724B9F42A00AB5780 /* SearchViewModel.swift */; };
		F5F40A6A24B9F4DF00AB5780 /* TableViewController.swift in Sources */ = {isa = PBXBuildFile; fileRef = F5F40A6924B9F4DF00AB5780 /* TableViewController.swift */; };
		F5F40A6C24B9FACA00AB5780 /* Extensions.swift in Sources */ = {isa = PBXBuildFile; fileRef = F5F40A6B24B9FACA00AB5780 /* Extensions.swift */; };
		F5F40A6F24BA00F900AB5780 /* Localizable.strings in Resources */ = {isa = PBXBuildFile; fileRef = F5F40A7124BA00F900AB5780 /* Localizable.strings */; };
		F5F40A7524BA02CC00AB5780 /* ApiManager.swift in Sources */ = {isa = PBXBuildFile; fileRef = F5F40A7424BA02CC00AB5780 /* ApiManager.swift */; };
		F5F40A7724BA057600AB5780 /* Errors.swift in Sources */ = {isa = PBXBuildFile; fileRef = F5F40A7624BA057600AB5780 /* Errors.swift */; };
		F5F40A7A24BA077700AB5780 /* SearchApiManager.swift in Sources */ = {isa = PBXBuildFile; fileRef = F5F40A7924BA077700AB5780 /* SearchApiManager.swift */; };
		F5F40A7D24BA07C200AB5780 /* WordModel.swift in Sources */ = {isa = PBXBuildFile; fileRef = F5F40A7C24BA07C200AB5780 /* WordModel.swift */; };
/* End PBXBuildFile section */

/* Begin PBXContainerItemProxy section */
		F5C3AEA324B9E29300F425D4 /* PBXContainerItemProxy */ = {
			isa = PBXContainerItemProxy;
			containerPortal = F5C3AE8424B9E29000F425D4 /* Project object */;
			proxyType = 1;
			remoteGlobalIDString = F5C3AE8B24B9E29000F425D4;
			remoteInfo = "Skyeng Test";
		};
/* End PBXContainerItemProxy section */

/* Begin PBXFileReference section */
		038674A4E65C8781C3320C5E /* Pods-Skyeng TestTests.debug.xcconfig */ = {isa = PBXFileReference; includeInIndex = 1; lastKnownFileType = text.xcconfig; name = "Pods-Skyeng TestTests.debug.xcconfig"; path = "Target Support Files/Pods-Skyeng TestTests/Pods-Skyeng TestTests.debug.xcconfig"; sourceTree = "<group>"; };
		9A0F8C71DC79604A4743B7A2 /* Pods-Skyeng TestTests.release.xcconfig */ = {isa = PBXFileReference; includeInIndex = 1; lastKnownFileType = text.xcconfig; name = "Pods-Skyeng TestTests.release.xcconfig"; path = "Target Support Files/Pods-Skyeng TestTests/Pods-Skyeng TestTests.release.xcconfig"; sourceTree = "<group>"; };
		A6AE6B7164D46AA3EC291984 /* Pods-Skyeng Test.debug.xcconfig */ = {isa = PBXFileReference; includeInIndex = 1; lastKnownFileType = text.xcconfig; name = "Pods-Skyeng Test.debug.xcconfig"; path = "Target Support Files/Pods-Skyeng Test/Pods-Skyeng Test.debug.xcconfig"; sourceTree = "<group>"; };
		D119AF010074F5CF791DE964 /* Pods_Skyeng_Test.framework */ = {isa = PBXFileReference; explicitFileType = wrapper.framework; includeInIndex = 0; path = Pods_Skyeng_Test.framework; sourceTree = BUILT_PRODUCTS_DIR; };
		D42203108588D54E64DC72D0 /* Pods_Skyeng_TestTests.framework */ = {isa = PBXFileReference; explicitFileType = wrapper.framework; includeInIndex = 0; path = Pods_Skyeng_TestTests.framework; sourceTree = BUILT_PRODUCTS_DIR; };
		E534602CBBA99FC585AC3712 /* Pods-Skyeng Test.release.xcconfig */ = {isa = PBXFileReference; includeInIndex = 1; lastKnownFileType = text.xcconfig; name = "Pods-Skyeng Test.release.xcconfig"; path = "Target Support Files/Pods-Skyeng Test/Pods-Skyeng Test.release.xcconfig"; sourceTree = "<group>"; };
		F5C3AE8C24B9E29000F425D4 /* Skyeng Test.app */ = {isa = PBXFileReference; explicitFileType = wrapper.application; includeInIndex = 0; path = "Skyeng Test.app"; sourceTree = BUILT_PRODUCTS_DIR; };
		F5C3AE8F24B9E29000F425D4 /* AppDelegate.swift */ = {isa = PBXFileReference; lastKnownFileType = sourcecode.swift; path = AppDelegate.swift; sourceTree = "<group>"; };
		F5C3AE9124B9E29000F425D4 /* SceneDelegate.swift */ = {isa = PBXFileReference; lastKnownFileType = sourcecode.swift; path = SceneDelegate.swift; sourceTree = "<group>"; };
		F5C3AE9324B9E29000F425D4 /* ViewController.swift */ = {isa = PBXFileReference; lastKnownFileType = sourcecode.swift; path = ViewController.swift; sourceTree = "<group>"; };
		F5C3AE9824B9E29200F425D4 /* Assets.xcassets */ = {isa = PBXFileReference; lastKnownFileType = folder.assetcatalog; path = Assets.xcassets; sourceTree = "<group>"; };
		F5C3AE9B24B9E29200F425D4 /* Base */ = {isa = PBXFileReference; lastKnownFileType = file.storyboard; name = Base; path = Base.lproj/LaunchScreen.storyboard; sourceTree = "<group>"; };
		F5C3AE9D24B9E29200F425D4 /* Info.plist */ = {isa = PBXFileReference; lastKnownFileType = text.plist.xml; path = Info.plist; sourceTree = "<group>"; };
		F5C3AEA224B9E29300F425D4 /* Skyeng TestTests.xctest */ = {isa = PBXFileReference; explicitFileType = wrapper.cfbundle; includeInIndex = 0; path = "Skyeng TestTests.xctest"; sourceTree = BUILT_PRODUCTS_DIR; };
		F5C3AEA624B9E29300F425D4 /* Skyeng_TestTests.swift */ = {isa = PBXFileReference; lastKnownFileType = sourcecode.swift; path = Skyeng_TestTests.swift; sourceTree = "<group>"; };
		F5C3AEA824B9E29300F425D4 /* Info.plist */ = {isa = PBXFileReference; lastKnownFileType = text.plist.xml; path = Info.plist; sourceTree = "<group>"; };
		F5F40A5624B9E79600AB5780 /* Router.swift */ = {isa = PBXFileReference; lastKnownFileType = sourcecode.swift; path = Router.swift; sourceTree = "<group>"; };
		F5F40A5824B9E92500AB5780 /* ViewModel.swift */ = {isa = PBXFileReference; lastKnownFileType = sourcecode.swift; path = ViewModel.swift; sourceTree = "<group>"; };
		F5F40A5B24B9EADA00AB5780 /* SearchViewController.swift */ = {isa = PBXFileReference; lastKnownFileType = sourcecode.swift; path = SearchViewController.swift; sourceTree = "<group>"; };
		F5F40A6224B9ED4900AB5780 /* TableViewCell.swift */ = {isa = PBXFileReference; lastKnownFileType = sourcecode.swift; path = TableViewCell.swift; sourceTree = "<group>"; };
		F5F40A6424B9ED6400AB5780 /* SearchResultTableViewCell.swift */ = {isa = PBXFileReference; lastKnownFileType = sourcecode.swift; path = SearchResultTableViewCell.swift; sourceTree = "<group>"; };
		F5F40A6724B9F42A00AB5780 /* SearchViewModel.swift */ = {isa = PBXFileReference; lastKnownFileType = sourcecode.swift; path = SearchViewModel.swift; sourceTree = "<group>"; };
		F5F40A6924B9F4DF00AB5780 /* TableViewController.swift */ = {isa = PBXFileReference; lastKnownFileType = sourcecode.swift; path = TableViewController.swift; sourceTree = "<group>"; };
		F5F40A6B24B9FACA00AB5780 /* Extensions.swift */ = {isa = PBXFileReference; lastKnownFileType = sourcecode.swift; path = Extensions.swift; sourceTree = "<group>"; };
		F5F40A7024BA00F900AB5780 /* en */ = {isa = PBXFileReference; lastKnownFileType = text.plist.strings; name = en; path = en.lproj/Localizable.strings; sourceTree = "<group>"; };
		F5F40A7224BA010F00AB5780 /* ru */ = {isa = PBXFileReference; lastKnownFileType = text.plist.strings; name = ru; path = ru.lproj/LaunchScreen.strings; sourceTree = "<group>"; };
		F5F40A7324BA010F00AB5780 /* ru */ = {isa = PBXFileReference; lastKnownFileType = text.plist.strings; name = ru; path = ru.lproj/Localizable.strings; sourceTree = "<group>"; };
		F5F40A7424BA02CC00AB5780 /* ApiManager.swift */ = {isa = PBXFileReference; lastKnownFileType = sourcecode.swift; path = ApiManager.swift; sourceTree = "<group>"; };
		F5F40A7624BA057600AB5780 /* Errors.swift */ = {isa = PBXFileReference; lastKnownFileType = sourcecode.swift; path = Errors.swift; sourceTree = "<group>"; };
		F5F40A7924BA077700AB5780 /* SearchApiManager.swift */ = {isa = PBXFileReference; lastKnownFileType = sourcecode.swift; path = SearchApiManager.swift; sourceTree = "<group>"; };
		F5F40A7C24BA07C200AB5780 /* WordModel.swift */ = {isa = PBXFileReference; lastKnownFileType = sourcecode.swift; path = WordModel.swift; sourceTree = "<group>"; };
/* End PBXFileReference section */

/* Begin PBXFrameworksBuildPhase section */
		F5C3AE8924B9E29000F425D4 /* Frameworks */ = {
			isa = PBXFrameworksBuildPhase;
			buildActionMask = 2147483647;
			files = (
				D7F0C6F8B1FEC16E2D21EB2C /* Pods_Skyeng_Test.framework in Frameworks */,
			);
			runOnlyForDeploymentPostprocessing = 0;
		};
		F5C3AE9F24B9E29300F425D4 /* Frameworks */ = {
			isa = PBXFrameworksBuildPhase;
			buildActionMask = 2147483647;
			files = (
				12D9B3BA95F4FE715C99398E /* Pods_Skyeng_TestTests.framework in Frameworks */,
			);
			runOnlyForDeploymentPostprocessing = 0;
		};
/* End PBXFrameworksBuildPhase section */

/* Begin PBXGroup section */
		BB7C3BF405DE4735FA5A05CB /* Frameworks */ = {
			isa = PBXGroup;
			children = (
				D119AF010074F5CF791DE964 /* Pods_Skyeng_Test.framework */,
				D42203108588D54E64DC72D0 /* Pods_Skyeng_TestTests.framework */,
			);
			name = Frameworks;
			sourceTree = "<group>";
		};
		F3B90E8B1B05D2DD9825927B /* Pods */ = {
			isa = PBXGroup;
			children = (
				A6AE6B7164D46AA3EC291984 /* Pods-Skyeng Test.debug.xcconfig */,
				E534602CBBA99FC585AC3712 /* Pods-Skyeng Test.release.xcconfig */,
				038674A4E65C8781C3320C5E /* Pods-Skyeng TestTests.debug.xcconfig */,
				9A0F8C71DC79604A4743B7A2 /* Pods-Skyeng TestTests.release.xcconfig */,
			);
			path = Pods;
			sourceTree = "<group>";
		};
		F5C3AE8324B9E29000F425D4 = {
			isa = PBXGroup;
			children = (
				F5C3AE8E24B9E29000F425D4 /* Skyeng Test */,
				F5C3AEA524B9E29300F425D4 /* Skyeng TestTests */,
				F5C3AE8D24B9E29000F425D4 /* Products */,
				F3B90E8B1B05D2DD9825927B /* Pods */,
				BB7C3BF405DE4735FA5A05CB /* Frameworks */,
			);
			sourceTree = "<group>";
		};
		F5C3AE8D24B9E29000F425D4 /* Products */ = {
			isa = PBXGroup;
			children = (
				F5C3AE8C24B9E29000F425D4 /* Skyeng Test.app */,
				F5C3AEA224B9E29300F425D4 /* Skyeng TestTests.xctest */,
			);
			name = Products;
			sourceTree = "<group>";
		};
		F5C3AE8E24B9E29000F425D4 /* Skyeng Test */ = {
			isa = PBXGroup;
			children = (
				F5C3AE8F24B9E29000F425D4 /* AppDelegate.swift */,
				F5C3AE9124B9E29000F425D4 /* SceneDelegate.swift */,
				F5F40A5624B9E79600AB5780 /* Router.swift */,
				F5C3AE9324B9E29000F425D4 /* ViewController.swift */,
				F5F40A6224B9ED4900AB5780 /* TableViewCell.swift */,
				F5F40A6924B9F4DF00AB5780 /* TableViewController.swift */,
				F5F40A5824B9E92500AB5780 /* ViewModel.swift */,
				F5F40A6B24B9FACA00AB5780 /* Extensions.swift */,
				F5F40A7624BA057600AB5780 /* Errors.swift */,
				F5F40A7424BA02CC00AB5780 /* ApiManager.swift */,
				F5F40A5A24B9EAC200AB5780 /* Search */,
				F5C3AE9824B9E29200F425D4 /* Assets.xcassets */,
				F5C3AE9A24B9E29200F425D4 /* LaunchScreen.storyboard */,
				F5C3AE9D24B9E29200F425D4 /* Info.plist */,
				F5F40A7124BA00F900AB5780 /* Localizable.strings */,
			);
			path = "Skyeng Test";
			sourceTree = "<group>";
		};
		F5C3AEA524B9E29300F425D4 /* Skyeng TestTests */ = {
			isa = PBXGroup;
			children = (
				F5C3AEA624B9E29300F425D4 /* Skyeng_TestTests.swift */,
				F5C3AEA824B9E29300F425D4 /* Info.plist */,
			);
			path = "Skyeng TestTests";
			sourceTree = "<group>";
		};
		F5F40A5A24B9EAC200AB5780 /* Search */ = {
			isa = PBXGroup;
			children = (
				F5F40A7824BA076D00AB5780 /* Api */,
				F5F40A7B24BA07A200AB5780 /* Model */,
				F5F40A6624B9F41B00AB5780 /* ViewModel */,
				F5F40A5F24B9ED2E00AB5780 /* View */,
			);
			path = Search;
			sourceTree = "<group>";
		};
		F5F40A5F24B9ED2E00AB5780 /* View */ = {
			isa = PBXGroup;
			children = (
				F5F40A6124B9ED3C00AB5780 /* Cells */,
				F5F40A6024B9ED3700AB5780 /* Controller */,
			);
			path = View;
			sourceTree = "<group>";
		};
		F5F40A6024B9ED3700AB5780 /* Controller */ = {
			isa = PBXGroup;
			children = (
				F5F40A5B24B9EADA00AB5780 /* SearchViewController.swift */,
			);
			path = Controller;
			sourceTree = "<group>";
		};
		F5F40A6124B9ED3C00AB5780 /* Cells */ = {
			isa = PBXGroup;
			children = (
				F5F40A6424B9ED6400AB5780 /* SearchResultTableViewCell.swift */,
			);
			path = Cells;
			sourceTree = "<group>";
		};
		F5F40A6624B9F41B00AB5780 /* ViewModel */ = {
			isa = PBXGroup;
			children = (
				F5F40A6724B9F42A00AB5780 /* SearchViewModel.swift */,
			);
			path = ViewModel;
			sourceTree = "<group>";
		};
		F5F40A7824BA076D00AB5780 /* Api */ = {
			isa = PBXGroup;
			children = (
				F5F40A7924BA077700AB5780 /* SearchApiManager.swift */,
			);
			path = Api;
			sourceTree = "<group>";
		};
		F5F40A7B24BA07A200AB5780 /* Model */ = {
			isa = PBXGroup;
			children = (
				F5F40A7C24BA07C200AB5780 /* WordModel.swift */,
			);
			path = Model;
			sourceTree = "<group>";
		};
/* End PBXGroup section */

/* Begin PBXNativeTarget section */
		F5C3AE8B24B9E29000F425D4 /* Skyeng Test */ = {
			isa = PBXNativeTarget;
			buildConfigurationList = F5C3AEAB24B9E29300F425D4 /* Build configuration list for PBXNativeTarget "Skyeng Test" */;
			buildPhases = (
				A2179E509D29D052ABAE79AA /* [CP] Check Pods Manifest.lock */,
				F5C3AE8824B9E29000F425D4 /* Sources */,
				F5C3AE8924B9E29000F425D4 /* Frameworks */,
				F5C3AE8A24B9E29000F425D4 /* Resources */,
				001D3392680A4DF9432726FF /* [CP] Embed Pods Frameworks */,
			);
			buildRules = (
			);
			dependencies = (
			);
			name = "Skyeng Test";
			productName = "Skyeng Test";
			productReference = F5C3AE8C24B9E29000F425D4 /* Skyeng Test.app */;
			productType = "com.apple.product-type.application";
		};
		F5C3AEA124B9E29300F425D4 /* Skyeng TestTests */ = {
			isa = PBXNativeTarget;
			buildConfigurationList = F5C3AEAE24B9E29300F425D4 /* Build configuration list for PBXNativeTarget "Skyeng TestTests" */;
			buildPhases = (
				A7A40D242222A150A44FA3E5 /* [CP] Check Pods Manifest.lock */,
				F5C3AE9E24B9E29300F425D4 /* Sources */,
				F5C3AE9F24B9E29300F425D4 /* Frameworks */,
				F5C3AEA024B9E29300F425D4 /* Resources */,
			);
			buildRules = (
			);
			dependencies = (
				F5C3AEA424B9E29300F425D4 /* PBXTargetDependency */,
			);
			name = "Skyeng TestTests";
			productName = "Skyeng TestTests";
			productReference = F5C3AEA224B9E29300F425D4 /* Skyeng TestTests.xctest */;
			productType = "com.apple.product-type.bundle.unit-test";
		};
/* End PBXNativeTarget section */

/* Begin PBXProject section */
		F5C3AE8424B9E29000F425D4 /* Project object */ = {
			isa = PBXProject;
			attributes = {
				LastSwiftUpdateCheck = 1150;
				LastUpgradeCheck = 1150;
				ORGANIZATIONNAME = "Georgiy Sabanov";
				TargetAttributes = {
					F5C3AE8B24B9E29000F425D4 = {
						CreatedOnToolsVersion = 11.5;
					};
					F5C3AEA124B9E29300F425D4 = {
						CreatedOnToolsVersion = 11.5;
						TestTargetID = F5C3AE8B24B9E29000F425D4;
					};
				};
			};
			buildConfigurationList = F5C3AE8724B9E29000F425D4 /* Build configuration list for PBXProject "Skyeng Test" */;
			compatibilityVersion = "Xcode 9.3";
			developmentRegion = en;
			hasScannedForEncodings = 0;
			knownRegions = (
				en,
				Base,
				ru,
			);
			mainGroup = F5C3AE8324B9E29000F425D4;
			productRefGroup = F5C3AE8D24B9E29000F425D4 /* Products */;
			projectDirPath = "";
			projectRoot = "";
			targets = (
				F5C3AE8B24B9E29000F425D4 /* Skyeng Test */,
				F5C3AEA124B9E29300F425D4 /* Skyeng TestTests */,
			);
		};
/* End PBXProject section */

/* Begin PBXResourcesBuildPhase section */
		F5C3AE8A24B9E29000F425D4 /* Resources */ = {
			isa = PBXResourcesBuildPhase;
			buildActionMask = 2147483647;
			files = (
				F5C3AE9C24B9E29200F425D4 /* LaunchScreen.storyboard in Resources */,
				F5F40A6F24BA00F900AB5780 /* Localizable.strings in Resources */,
				F5C3AE9924B9E29200F425D4 /* Assets.xcassets in Resources */,
			);
			runOnlyForDeploymentPostprocessing = 0;
		};
		F5C3AEA024B9E29300F425D4 /* Resources */ = {
			isa = PBXResourcesBuildPhase;
			buildActionMask = 2147483647;
			files = (
			);
			runOnlyForDeploymentPostprocessing = 0;
		};
/* End PBXResourcesBuildPhase section */

/* Begin PBXShellScriptBuildPhase section */
		001D3392680A4DF9432726FF /* [CP] Embed Pods Frameworks */ = {
			isa = PBXShellScriptBuildPhase;
			buildActionMask = 2147483647;
			files = (
			);
			inputFileListPaths = (
				"${PODS_ROOT}/Target Support Files/Pods-Skyeng Test/Pods-Skyeng Test-frameworks-${CONFIGURATION}-input-files.xcfilelist",
			);
			name = "[CP] Embed Pods Frameworks";
			outputFileListPaths = (
				"${PODS_ROOT}/Target Support Files/Pods-Skyeng Test/Pods-Skyeng Test-frameworks-${CONFIGURATION}-output-files.xcfilelist",
			);
			runOnlyForDeploymentPostprocessing = 0;
			shellPath = /bin/sh;
			shellScript = "\"${PODS_ROOT}/Target Support Files/Pods-Skyeng Test/Pods-Skyeng Test-frameworks.sh\"\n";
			showEnvVarsInLog = 0;
		};
		A2179E509D29D052ABAE79AA /* [CP] Check Pods Manifest.lock */ = {
			isa = PBXShellScriptBuildPhase;
			buildActionMask = 2147483647;
			files = (
			);
			inputFileListPaths = (
			);
			inputPaths = (
				"${PODS_PODFILE_DIR_PATH}/Podfile.lock",
				"${PODS_ROOT}/Manifest.lock",
			);
			name = "[CP] Check Pods Manifest.lock";
			outputFileListPaths = (
			);
			outputPaths = (
				"$(DERIVED_FILE_DIR)/Pods-Skyeng Test-checkManifestLockResult.txt",
			);
			runOnlyForDeploymentPostprocessing = 0;
			shellPath = /bin/sh;
			shellScript = "diff \"${PODS_PODFILE_DIR_PATH}/Podfile.lock\" \"${PODS_ROOT}/Manifest.lock\" > /dev/null\nif [ $? != 0 ] ; then\n    # print error to STDERR\n    echo \"error: The sandbox is not in sync with the Podfile.lock. Run 'pod install' or update your CocoaPods installation.\" >&2\n    exit 1\nfi\n# This output is used by Xcode 'outputs' to avoid re-running this script phase.\necho \"SUCCESS\" > \"${SCRIPT_OUTPUT_FILE_0}\"\n";
			showEnvVarsInLog = 0;
		};
		A7A40D242222A150A44FA3E5 /* [CP] Check Pods Manifest.lock */ = {
			isa = PBXShellScriptBuildPhase;
			buildActionMask = 2147483647;
			files = (
			);
			inputFileListPaths = (
			);
			inputPaths = (
				"${PODS_PODFILE_DIR_PATH}/Podfile.lock",
				"${PODS_ROOT}/Manifest.lock",
			);
			name = "[CP] Check Pods Manifest.lock";
			outputFileListPaths = (
			);
			outputPaths = (
				"$(DERIVED_FILE_DIR)/Pods-Skyeng TestTests-checkManifestLockResult.txt",
			);
			runOnlyForDeploymentPostprocessing = 0;
			shellPath = /bin/sh;
			shellScript = "diff \"${PODS_PODFILE_DIR_PATH}/Podfile.lock\" \"${PODS_ROOT}/Manifest.lock\" > /dev/null\nif [ $? != 0 ] ; then\n    # print error to STDERR\n    echo \"error: The sandbox is not in sync with the Podfile.lock. Run 'pod install' or update your CocoaPods installation.\" >&2\n    exit 1\nfi\n# This output is used by Xcode 'outputs' to avoid re-running this script phase.\necho \"SUCCESS\" > \"${SCRIPT_OUTPUT_FILE_0}\"\n";
			showEnvVarsInLog = 0;
		};
/* End PBXShellScriptBuildPhase section */

/* Begin PBXSourcesBuildPhase section */
		F5C3AE8824B9E29000F425D4 /* Sources */ = {
			isa = PBXSourcesBuildPhase;
			buildActionMask = 2147483647;
			files = (
				F5F40A5D24B9EADA00AB5780 /* SearchViewController.swift in Sources */,
				F5F40A5924B9E92500AB5780 /* ViewModel.swift in Sources */,
				F5F40A7A24BA077700AB5780 /* SearchApiManager.swift in Sources */,
				F5F40A6524B9ED6400AB5780 /* SearchResultTableViewCell.swift in Sources */,
				F5F40A7D24BA07C200AB5780 /* WordModel.swift in Sources */,
				F5F40A6A24B9F4DF00AB5780 /* TableViewController.swift in Sources */,
				F5F40A7524BA02CC00AB5780 /* ApiManager.swift in Sources */,
				F5F40A6C24B9FACA00AB5780 /* Extensions.swift in Sources */,
				F5C3AE9424B9E29000F425D4 /* ViewController.swift in Sources */,
				F5F40A7724BA057600AB5780 /* Errors.swift in Sources */,
				F5F40A5724B9E79600AB5780 /* Router.swift in Sources */,
				F5C3AE9024B9E29000F425D4 /* AppDelegate.swift in Sources */,
				F5F40A6824B9F42A00AB5780 /* SearchViewModel.swift in Sources */,
				F5F40A6324B9ED4900AB5780 /* TableViewCell.swift in Sources */,
				F5C3AE9224B9E29000F425D4 /* SceneDelegate.swift in Sources */,
			);
			runOnlyForDeploymentPostprocessing = 0;
		};
		F5C3AE9E24B9E29300F425D4 /* Sources */ = {
			isa = PBXSourcesBuildPhase;
			buildActionMask = 2147483647;
			files = (
				F5C3AEA724B9E29300F425D4 /* Skyeng_TestTests.swift in Sources */,
			);
			runOnlyForDeploymentPostprocessing = 0;
		};
/* End PBXSourcesBuildPhase section */

/* Begin PBXTargetDependency section */
		F5C3AEA424B9E29300F425D4 /* PBXTargetDependency */ = {
			isa = PBXTargetDependency;
			target = F5C3AE8B24B9E29000F425D4 /* Skyeng Test */;
			targetProxy = F5C3AEA324B9E29300F425D4 /* PBXContainerItemProxy */;
		};
/* End PBXTargetDependency section */

/* Begin PBXVariantGroup section */
		F5C3AE9A24B9E29200F425D4 /* LaunchScreen.storyboard */ = {
			isa = PBXVariantGroup;
			children = (
				F5C3AE9B24B9E29200F425D4 /* Base */,
				F5F40A7224BA010F00AB5780 /* ru */,
			);
			name = LaunchScreen.storyboard;
			sourceTree = "<group>";
		};
		F5F40A7124BA00F900AB5780 /* Localizable.strings */ = {
			isa = PBXVariantGroup;
			children = (
				F5F40A7024BA00F900AB5780 /* en */,
				F5F40A7324BA010F00AB5780 /* ru */,
			);
			name = Localizable.strings;
			sourceTree = "<group>";
		};
/* End PBXVariantGroup section */

/* Begin XCBuildConfiguration section */
		F5C3AEA924B9E29300F425D4 /* Debug */ = {
			isa = XCBuildConfiguration;
			buildSettings = {
				ALWAYS_SEARCH_USER_PATHS = NO;
				CLANG_ANALYZER_LOCALIZABILITY_NONLOCALIZED = YES;
				CLANG_ANALYZER_NONNULL = YES;
				CLANG_ANALYZER_NUMBER_OBJECT_CONVERSION = YES_AGGRESSIVE;
				CLANG_CXX_LANGUAGE_STANDARD = "gnu++14";
				CLANG_CXX_LIBRARY = "libc++";
				CLANG_ENABLE_MODULES = YES;
				CLANG_ENABLE_OBJC_ARC = YES;
				CLANG_ENABLE_OBJC_WEAK = YES;
				CLANG_WARN_BLOCK_CAPTURE_AUTORELEASING = YES;
				CLANG_WARN_BOOL_CONVERSION = YES;
				CLANG_WARN_COMMA = YES;
				CLANG_WARN_CONSTANT_CONVERSION = YES;
				CLANG_WARN_DEPRECATED_OBJC_IMPLEMENTATIONS = YES;
				CLANG_WARN_DIRECT_OBJC_ISA_USAGE = YES_ERROR;
				CLANG_WARN_DOCUMENTATION_COMMENTS = YES;
				CLANG_WARN_EMPTY_BODY = YES;
				CLANG_WARN_ENUM_CONVERSION = YES;
				CLANG_WARN_INFINITE_RECURSION = YES;
				CLANG_WARN_INT_CONVERSION = YES;
				CLANG_WARN_NON_LITERAL_NULL_CONVERSION = YES;
				CLANG_WARN_OBJC_IMPLICIT_RETAIN_SELF = YES;
				CLANG_WARN_OBJC_LITERAL_CONVERSION = YES;
				CLANG_WARN_OBJC_ROOT_CLASS = YES_ERROR;
				CLANG_WARN_RANGE_LOOP_ANALYSIS = YES;
				CLANG_WARN_STRICT_PROTOTYPES = YES;
				CLANG_WARN_SUSPICIOUS_MOVE = YES;
				CLANG_WARN_UNGUARDED_AVAILABILITY = YES_AGGRESSIVE;
				CLANG_WARN_UNREACHABLE_CODE = YES;
				CLANG_WARN__DUPLICATE_METHOD_MATCH = YES;
				COPY_PHASE_STRIP = NO;
				DEBUG_INFORMATION_FORMAT = dwarf;
				ENABLE_STRICT_OBJC_MSGSEND = YES;
				ENABLE_TESTABILITY = YES;
				GCC_C_LANGUAGE_STANDARD = gnu11;
				GCC_DYNAMIC_NO_PIC = NO;
				GCC_NO_COMMON_BLOCKS = YES;
				GCC_OPTIMIZATION_LEVEL = 0;
				GCC_PREPROCESSOR_DEFINITIONS = (
					"DEBUG=1",
					"$(inherited)",
				);
				GCC_WARN_64_TO_32_BIT_CONVERSION = YES;
				GCC_WARN_ABOUT_RETURN_TYPE = YES_ERROR;
				GCC_WARN_UNDECLARED_SELECTOR = YES;
				GCC_WARN_UNINITIALIZED_AUTOS = YES_AGGRESSIVE;
				GCC_WARN_UNUSED_FUNCTION = YES;
				GCC_WARN_UNUSED_VARIABLE = YES;
				IPHONEOS_DEPLOYMENT_TARGET = 13.5;
				MTL_ENABLE_DEBUG_INFO = INCLUDE_SOURCE;
				MTL_FAST_MATH = YES;
				ONLY_ACTIVE_ARCH = YES;
				SDKROOT = iphoneos;
				SWIFT_ACTIVE_COMPILATION_CONDITIONS = DEBUG;
				SWIFT_OPTIMIZATION_LEVEL = "-Onone";
			};
			name = Debug;
		};
		F5C3AEAA24B9E29300F425D4 /* Release */ = {
			isa = XCBuildConfiguration;
			buildSettings = {
				ALWAYS_SEARCH_USER_PATHS = NO;
				CLANG_ANALYZER_LOCALIZABILITY_NONLOCALIZED = YES;
				CLANG_ANALYZER_NONNULL = YES;
				CLANG_ANALYZER_NUMBER_OBJECT_CONVERSION = YES_AGGRESSIVE;
				CLANG_CXX_LANGUAGE_STANDARD = "gnu++14";
				CLANG_CXX_LIBRARY = "libc++";
				CLANG_ENABLE_MODULES = YES;
				CLANG_ENABLE_OBJC_ARC = YES;
				CLANG_ENABLE_OBJC_WEAK = YES;
				CLANG_WARN_BLOCK_CAPTURE_AUTORELEASING = YES;
				CLANG_WARN_BOOL_CONVERSION = YES;
				CLANG_WARN_COMMA = YES;
				CLANG_WARN_CONSTANT_CONVERSION = YES;
				CLANG_WARN_DEPRECATED_OBJC_IMPLEMENTATIONS = YES;
				CLANG_WARN_DIRECT_OBJC_ISA_USAGE = YES_ERROR;
				CLANG_WARN_DOCUMENTATION_COMMENTS = YES;
				CLANG_WARN_EMPTY_BODY = YES;
				CLANG_WARN_ENUM_CONVERSION = YES;
				CLANG_WARN_INFINITE_RECURSION = YES;
				CLANG_WARN_INT_CONVERSION = YES;
				CLANG_WARN_NON_LITERAL_NULL_CONVERSION = YES;
				CLANG_WARN_OBJC_IMPLICIT_RETAIN_SELF = YES;
				CLANG_WARN_OBJC_LITERAL_CONVERSION = YES;
				CLANG_WARN_OBJC_ROOT_CLASS = YES_ERROR;
				CLANG_WARN_RANGE_LOOP_ANALYSIS = YES;
				CLANG_WARN_STRICT_PROTOTYPES = YES;
				CLANG_WARN_SUSPICIOUS_MOVE = YES;
				CLANG_WARN_UNGUARDED_AVAILABILITY = YES_AGGRESSIVE;
				CLANG_WARN_UNREACHABLE_CODE = YES;
				CLANG_WARN__DUPLICATE_METHOD_MATCH = YES;
				COPY_PHASE_STRIP = NO;
				DEBUG_INFORMATION_FORMAT = "dwarf-with-dsym";
				ENABLE_NS_ASSERTIONS = NO;
				ENABLE_STRICT_OBJC_MSGSEND = YES;
				GCC_C_LANGUAGE_STANDARD = gnu11;
				GCC_NO_COMMON_BLOCKS = YES;
				GCC_WARN_64_TO_32_BIT_CONVERSION = YES;
				GCC_WARN_ABOUT_RETURN_TYPE = YES_ERROR;
				GCC_WARN_UNDECLARED_SELECTOR = YES;
				GCC_WARN_UNINITIALIZED_AUTOS = YES_AGGRESSIVE;
				GCC_WARN_UNUSED_FUNCTION = YES;
				GCC_WARN_UNUSED_VARIABLE = YES;
				IPHONEOS_DEPLOYMENT_TARGET = 13.5;
				MTL_ENABLE_DEBUG_INFO = NO;
				MTL_FAST_MATH = YES;
				SDKROOT = iphoneos;
				SWIFT_COMPILATION_MODE = wholemodule;
				SWIFT_OPTIMIZATION_LEVEL = "-O";
				VALIDATE_PRODUCT = YES;
			};
			name = Release;
		};
		F5C3AEAC24B9E29300F425D4 /* Debug */ = {
			isa = XCBuildConfiguration;
			baseConfigurationReference = A6AE6B7164D46AA3EC291984 /* Pods-Skyeng Test.debug.xcconfig */;
			buildSettings = {
				ASSETCATALOG_COMPILER_APPICON_NAME = AppIcon;
				CODE_SIGN_STYLE = Automatic;
				DEVELOPMENT_TEAM = 36LYNA94EE;
				INFOPLIST_FILE = "Skyeng Test/Info.plist";
				IPHONEOS_DEPLOYMENT_TARGET = 13.0;
				LD_RUNPATH_SEARCH_PATHS = (
					"$(inherited)",
					"@executable_path/Frameworks",
				);
				MARKETING_VERSION = 1.0.0;
				PRODUCT_BUNDLE_IDENTIFIER = "com.gs.Skyeng-Test";
				PRODUCT_NAME = "$(TARGET_NAME)";
				SWIFT_VERSION = 5.0;
				TARGETED_DEVICE_FAMILY = "1,2";
			};
			name = Debug;
		};
		F5C3AEAD24B9E29300F425D4 /* Release */ = {
			isa = XCBuildConfiguration;
			baseConfigurationReference = E534602CBBA99FC585AC3712 /* Pods-Skyeng Test.release.xcconfig */;
			buildSettings = {
				ASSETCATALOG_COMPILER_APPICON_NAME = AppIcon;
				CODE_SIGN_STYLE = Automatic;
				DEVELOPMENT_TEAM = 36LYNA94EE;
				INFOPLIST_FILE = "Skyeng Test/Info.plist";
				IPHONEOS_DEPLOYMENT_TARGET = 13.0;
				LD_RUNPATH_SEARCH_PATHS = (
					"$(inherited)",
					"@executable_path/Frameworks",
				);
				MARKETING_VERSION = 1.0.0;
				PRODUCT_BUNDLE_IDENTIFIER = "com.gs.Skyeng-Test";
				PRODUCT_NAME = "$(TARGET_NAME)";
				SWIFT_VERSION = 5.0;
				TARGETED_DEVICE_FAMILY = "1,2";
			};
			name = Release;
		};
		F5C3AEAF24B9E29300F425D4 /* Debug */ = {
			isa = XCBuildConfiguration;
			baseConfigurationReference = 038674A4E65C8781C3320C5E /* Pods-Skyeng TestTests.debug.xcconfig */;
			buildSettings = {
				ALWAYS_EMBED_SWIFT_STANDARD_LIBRARIES = YES;
				BUNDLE_LOADER = "$(TEST_HOST)";
				CODE_SIGN_STYLE = Automatic;
				DEVELOPMENT_TEAM = 36LYNA94EE;
				INFOPLIST_FILE = "Skyeng TestTests/Info.plist";
				IPHONEOS_DEPLOYMENT_TARGET = 13.5;
				LD_RUNPATH_SEARCH_PATHS = (
					"$(inherited)",
					"@executable_path/Frameworks",
					"@loader_path/Frameworks",
				);
				PRODUCT_BUNDLE_IDENTIFIER = "com.gs.Skyeng-TestTests";
				PRODUCT_NAME = "$(TARGET_NAME)";
				SWIFT_VERSION = 5.0;
				TARGETED_DEVICE_FAMILY = "1,2";
				TEST_HOST = "$(BUILT_PRODUCTS_DIR)/Skyeng Test.app/Skyeng Test";
			};
			name = Debug;
		};
		F5C3AEB024B9E29300F425D4 /* Release */ = {
			isa = XCBuildConfiguration;
			baseConfigurationReference = 9A0F8C71DC79604A4743B7A2 /* Pods-Skyeng TestTests.release.xcconfig */;
			buildSettings = {
				ALWAYS_EMBED_SWIFT_STANDARD_LIBRARIES = YES;
				BUNDLE_LOADER = "$(TEST_HOST)";
				CODE_SIGN_STYLE = Automatic;
				DEVELOPMENT_TEAM = 36LYNA94EE;
				INFOPLIST_FILE = "Skyeng TestTests/Info.plist";
				IPHONEOS_DEPLOYMENT_TARGET = 13.5;
				LD_RUNPATH_SEARCH_PATHS = (
					"$(inherited)",
					"@executable_path/Frameworks",
					"@loader_path/Frameworks",
				);
				PRODUCT_BUNDLE_IDENTIFIER = "com.gs.Skyeng-TestTests";
				PRODUCT_NAME = "$(TARGET_NAME)";
				SWIFT_VERSION = 5.0;
				TARGETED_DEVICE_FAMILY = "1,2";
				TEST_HOST = "$(BUILT_PRODUCTS_DIR)/Skyeng Test.app/Skyeng Test";
			};
			name = Release;
		};
/* End XCBuildConfiguration section */

/* Begin XCConfigurationList section */
		F5C3AE8724B9E29000F425D4 /* Build configuration list for PBXProject "Skyeng Test" */ = {
			isa = XCConfigurationList;
			buildConfigurations = (
				F5C3AEA924B9E29300F425D4 /* Debug */,
				F5C3AEAA24B9E29300F425D4 /* Release */,
			);
			defaultConfigurationIsVisible = 0;
			defaultConfigurationName = Release;
		};
		F5C3AEAB24B9E29300F425D4 /* Build configuration list for PBXNativeTarget "Skyeng Test" */ = {
			isa = XCConfigurationList;
			buildConfigurations = (
				F5C3AEAC24B9E29300F425D4 /* Debug */,
				F5C3AEAD24B9E29300F425D4 /* Release */,
			);
			defaultConfigurationIsVisible = 0;
			defaultConfigurationName = Release;
		};
		F5C3AEAE24B9E29300F425D4 /* Build configuration list for PBXNativeTarget "Skyeng TestTests" */ = {
			isa = XCConfigurationList;
			buildConfigurations = (
				F5C3AEAF24B9E29300F425D4 /* Debug */,
				F5C3AEB024B9E29300F425D4 /* Release */,
			);
			defaultConfigurationIsVisible = 0;
			defaultConfigurationName = Release;
		};
/* End XCConfigurationList section */
	};
	rootObject = F5C3AE8424B9E29000F425D4 /* Project object */;
}
